
Microsoft Visual Studio Solution File, Format Version 12.00
# Visual Studio 15
Project("{FAE04EC0-301F-11D3-BF4B-00C04F79EFBC}") = "Domain.CSharp.Model", "Domain.CSharp.Model\Domain.CSharp.Model.csproj", "{B1DC58E7-9CFF-4A3C-8616-4F1BAA9BBFF4}"
EndProject
Global
	GlobalSection(SolutionConfigurationPlatforms) = preSolution
		Debug|Any CPU = Debug|Any CPU
		Release|Any CPU = Release|Any CPU
	EndGlobalSection
	GlobalSection(ProjectConfigurationPlatforms) = postSolution
		{B1DC58E7-9CFF-4A3C-8616-4F1BAA9BBFF4}.Debug|Any CPU.ActiveCfg = Debug|Any CPU
		{B1DC58E7-9CFF-4A3C-8616-4F1BAA9BBFF4}.Debug|Any CPU.Build.0 = Debug|Any CPU
		{B1DC58E7-9CFF-4A3C-8616-4F1BAA9BBFF4}.Release|Any CPU.ActiveCfg = Release|Any CPU
		{B1DC58E7-9CFF-4A3C-8616-4F1BAA9BBFF4}.Release|Any CPU.Build.0 = Release|Any CPU
	EndGlobalSection
EndGlobal
